
Microsoft Visual Studio Solution File, Format Version 12.00
# Visual Studio Version 16
VisualStudioVersion = 16.0.30517.126
MinimumVisualStudioVersion = 10.0.40219.1
Project("{9A19103F-16F7-4668-BE54-9A1E7A4F7556}") = "Proxy", "Proxy\Proxy.csproj", "{24F47FB7-1327-4EFD-BDA0-A82810FB7BFB}"
EndProject
Project("{9A19103F-16F7-4668-BE54-9A1E7A4F7556}") = "Proxy_GUI", "Proxy_GUI\Proxy_GUI.csproj", "{EB24C08F-E835-44E5-98D8-72DFEF774E56}"
EndProject
Global
	GlobalSection(SolutionConfigurationPlatforms) = preSolution
		Debug|Any CPU = Debug|Any CPU
		Release|Any CPU = Release|Any CPU
	EndGlobalSection
	GlobalSection(ProjectConfigurationPlatforms) = postSolution
		{24F47FB7-1327-4EFD-BDA0-A82810FB7BFB}.Debug|Any CPU.ActiveCfg = Debug|Any CPU
		{24F47FB7-1327-4EFD-BDA0-A82810FB7BFB}.Debug|Any CPU.Build.0 = Debug|Any CPU
		{24F47FB7-1327-4EFD-BDA0-A82810FB7BFB}.Release|Any CPU.ActiveCfg = Release|Any CPU
		{24F47FB7-1327-4EFD-BDA0-A82810FB7BFB}.Release|Any CPU.Build.0 = Release|Any CPU
		{EB24C08F-E835-44E5-98D8-72DFEF774E56}.Debug|Any CPU.ActiveCfg = Debug|Any CPU
		{EB24C08F-E835-44E5-98D8-72DFEF774E56}.Debug|Any CPU.Build.0 = Debug|Any CPU
		{EB24C08F-E835-44E5-98D8-72DFEF774E56}.Release|Any CPU.ActiveCfg = Release|Any CPU
		{EB24C08F-E835-44E5-98D8-72DFEF774E56}.Release|Any CPU.Build.0 = Release|Any CPU
	EndGlobalSection
	GlobalSection(SolutionProperties) = preSolution
		HideSolutionNode = FALSE
	EndGlobalSection
	GlobalSection(ExtensibilityGlobals) = postSolution
		SolutionGuid = {4D75ECE2-8909-4211-A18E-940D3A485406}
	EndGlobalSection
EndGlobal
